
Microsoft Visual Studio Solution File, Format Version 12.00
# Visual Studio Version 17
VisualStudioVersion = 17.5.33516.290
MinimumVisualStudioVersion = 10.0.40219.1
Project("{FAE04EC0-301F-11D3-BF4B-00C04F79EFBC}") = "SXSEXP-Helper", "SXSEXP-Helper\SXSEXP-Helper.csproj", "{8F4305A5-DAEA-4F5A-98A0-12D2B1737207}"
EndProject
Global
	GlobalSection(SolutionConfigurationPlatforms) = preSolution
		Debug|Any CPU = Debug|Any CPU
		Release|Any CPU = Release|Any CPU
	EndGlobalSection
	GlobalSection(ProjectConfigurationPlatforms) = postSolution
		{8F4305A5-DAEA-4F5A-98A0-12D2B1737207}.Debug|Any CPU.ActiveCfg = Debug|Any CPU
		{8F4305A5-DAEA-4F5A-98A0-12D2B1737207}.Debug|Any CPU.Build.0 = Debug|Any CPU
		{8F4305A5-DAEA-4F5A-98A0-12D2B1737207}.Release|Any CPU.ActiveCfg = Release|Any CPU
		{8F4305A5-DAEA-4F5A-98A0-12D2B1737207}.Release|Any CPU.Build.0 = Release|Any CPU
	EndGlobalSection
	GlobalSection(SolutionProperties) = preSolution
		HideSolutionNode = FALSE
	EndGlobalSection
	GlobalSection(ExtensibilityGlobals) = postSolution
		SolutionGuid = {45DC4821-29F7-469B-87D5-C5F237CD92A4}
	EndGlobalSection
EndGlobal
